
Microsoft Visual Studio Solution File, Format Version 12.00
# Visual Studio Version 17
VisualStudioVersion = 17.4.33213.308
MinimumVisualStudioVersion = 10.0.40219.1
Project("{9A19103F-16F7-4668-BE54-9A1E7A4F7556}") = "Core", "Core\Core.csproj", "{FDDB8719-A690-4FA7-B0D2-B027A6722D89}"
EndProject
Project("{9A19103F-16F7-4668-BE54-9A1E7A4F7556}") = "Multisite", "Multisite\Multisite.csproj", "{9CCDD784-AE4E-4FB7-BABB-4E86DFAFFB06}"
EndProject
Project("{9A19103F-16F7-4668-BE54-9A1E7A4F7556}") = "EmailWrapper", "EmailWrapper\EmailWrapper.csproj", "{40B1B871-E428-4DDD-B7AC-D5E36C6FD4FA}"
EndProject
Project("{9A19103F-16F7-4668-BE54-9A1E7A4F7556}") = "Charter", "Charter\Charter.csproj", "{D89A9620-2F9C-42C6-B364-7FE3964B6EBE}"
EndProject
Project("{9A19103F-16F7-4668-BE54-9A1E7A4F7556}") = "CareConnect", "CareConnect\CareConnect.csproj", "{3594F87A-6BAA-45C5-85AB-ECEB1D71FD29}"
EndProject
Project("{9A19103F-16F7-4668-BE54-9A1E7A4F7556}") = "ColoplastProfessional", "ColoplastProfessional\ColoplastProfessional.csproj", "{961438DE-2780-4C8B-BCFF-E31221AD71F3}"
EndProject
Project("{9A19103F-16F7-4668-BE54-9A1E7A4F7556}") = "Lilial", "Lilial\Lilial.csproj", "{DEA39548-1963-4AB5-9A8C-7D56015759CB}"
EndProject
Global
	GlobalSection(SolutionConfigurationPlatforms) = preSolution
		Debug|Any CPU = Debug|Any CPU
		Release|Any CPU = Release|Any CPU
		Sandbox02AU|Any CPU = Sandbox02AU|Any CPU
		Sandbox03AU|Any CPU = Sandbox03AU|Any CPU
		Sandbox04AU|Any CPU = Sandbox04AU|Any CPU
		Sandbox05AU|Any CPU = Sandbox05AU|Any CPU
		Sandbox05Charter|Any CPU = Sandbox05Charter|Any CPU
		SandboxAU|Any CPU = SandboxAU|Any CPU
		SandboxHCP|Any CPU = SandboxHCP|Any CPU
		SandboxProfessional|Any CPU = SandboxProfessional|Any CPU
		TestAU|Any CPU = TestAU|Any CPU
		TestCareconnect|Any CPU = TestCareconnect|Any CPU
		TestCharter|Any CPU = TestCharter|Any CPU
		TestHCP|Any CPU = TestHCP|Any CPU
		TestLilial|Any CPU = TestLilial|Any CPU
	EndGlobalSection
	GlobalSection(ProjectConfigurationPlatforms) = postSolution
		{FDDB8719-A690-4FA7-B0D2-B027A6722D89}.Debug|Any CPU.ActiveCfg = Debug|Any CPU
		{FDDB8719-A690-4FA7-B0D2-B027A6722D89}.Debug|Any CPU.Build.0 = Debug|Any CPU
		{FDDB8719-A690-4FA7-B0D2-B027A6722D89}.Release|Any CPU.ActiveCfg = Release|Any CPU
		{FDDB8719-A690-4FA7-B0D2-B027A6722D89}.Release|Any CPU.Build.0 = Release|Any CPU
		{FDDB8719-A690-4FA7-B0D2-B027A6722D89}.Sandbox02AU|Any CPU.ActiveCfg = Release|Any CPU
		{FDDB8719-A690-4FA7-B0D2-B027A6722D89}.Sandbox02AU|Any CPU.Build.0 = Release|Any CPU
		{FDDB8719-A690-4FA7-B0D2-B027A6722D89}.Sandbox03AU|Any CPU.ActiveCfg = Release|Any CPU
		{FDDB8719-A690-4FA7-B0D2-B027A6722D89}.Sandbox03AU|Any CPU.Build.0 = Release|Any CPU
		{FDDB8719-A690-4FA7-B0D2-B027A6722D89}.Sandbox04AU|Any CPU.ActiveCfg = Release|Any CPU
		{FDDB8719-A690-4FA7-B0D2-B027A6722D89}.Sandbox04AU|Any CPU.Build.0 = Release|Any CPU
		{FDDB8719-A690-4FA7-B0D2-B027A6722D89}.Sandbox05AU|Any CPU.ActiveCfg = Release|Any CPU
		{FDDB8719-A690-4FA7-B0D2-B027A6722D89}.Sandbox05AU|Any CPU.Build.0 = Release|Any CPU
		{FDDB8719-A690-4FA7-B0D2-B027A6722D89}.Sandbox05Charter|Any CPU.ActiveCfg = Release|Any CPU
		{FDDB8719-A690-4FA7-B0D2-B027A6722D89}.Sandbox05Charter|Any CPU.Build.0 = Release|Any CPU
		{FDDB8719-A690-4FA7-B0D2-B027A6722D89}.SandboxAU|Any CPU.ActiveCfg = Debug|Any CPU
		{FDDB8719-A690-4FA7-B0D2-B027A6722D89}.SandboxHCP|Any CPU.ActiveCfg = Debug|Any CPU
		{FDDB8719-A690-4FA7-B0D2-B027A6722D89}.SandboxHCP|Any CPU.Build.0 = Debug|Any CPU
		{FDDB8719-A690-4FA7-B0D2-B027A6722D89}.SandboxProfessional|Any CPU.ActiveCfg = Release|Any CPU
		{FDDB8719-A690-4FA7-B0D2-B027A6722D89}.SandboxProfessional|Any CPU.Build.0 = Release|Any CPU
		{FDDB8719-A690-4FA7-B0D2-B027A6722D89}.TestAU|Any CPU.ActiveCfg = Debug|Any CPU
		{FDDB8719-A690-4FA7-B0D2-B027A6722D89}.TestAU|Any CPU.Build.0 = Debug|Any CPU
		{FDDB8719-A690-4FA7-B0D2-B027A6722D89}.TestCareconnect|Any CPU.ActiveCfg = Debug|Any CPU
		{FDDB8719-A690-4FA7-B0D2-B027A6722D89}.TestCareconnect|Any CPU.Build.0 = Debug|Any CPU
		{FDDB8719-A690-4FA7-B0D2-B027A6722D89}.TestCharter|Any CPU.ActiveCfg = Debug|Any CPU
		{FDDB8719-A690-4FA7-B0D2-B027A6722D89}.TestCharter|Any CPU.Build.0 = Debug|Any CPU
		{FDDB8719-A690-4FA7-B0D2-B027A6722D89}.TestHCP|Any CPU.ActiveCfg = Release|Any CPU
		{FDDB8719-A690-4FA7-B0D2-B027A6722D89}.TestHCP|Any CPU.Build.0 = Release|Any CPU
		{FDDB8719-A690-4FA7-B0D2-B027A6722D89}.TestLilial|Any CPU.ActiveCfg = Debug|Any CPU
		{FDDB8719-A690-4FA7-B0D2-B027A6722D89}.TestLilial|Any CPU.Build.0 = Debug|Any CPU
		{9CCDD784-AE4E-4FB7-BABB-4E86DFAFFB06}.Debug|Any CPU.ActiveCfg = TestAU|Any CPU
		{9CCDD784-AE4E-4FB7-BABB-4E86DFAFFB06}.Debug|Any CPU.Build.0 = TestAU|Any CPU
		{9CCDD784-AE4E-4FB7-BABB-4E86DFAFFB06}.Release|Any CPU.ActiveCfg = Sandbox05AU|Any CPU
		{9CCDD784-AE4E-4FB7-BABB-4E86DFAFFB06}.Sandbox02AU|Any CPU.ActiveCfg = Sandbox02AU|Any CPU
		{9CCDD784-AE4E-4FB7-BABB-4E86DFAFFB06}.Sandbox02AU|Any CPU.Build.0 = Sandbox02AU|Any CPU
		{9CCDD784-AE4E-4FB7-BABB-4E86DFAFFB06}.Sandbox03AU|Any CPU.ActiveCfg = Sandbox03AU|Any CPU
		{9CCDD784-AE4E-4FB7-BABB-4E86DFAFFB06}.Sandbox03AU|Any CPU.Build.0 = Sandbox03AU|Any CPU
		{9CCDD784-AE4E-4FB7-BABB-4E86DFAFFB06}.Sandbox04AU|Any CPU.ActiveCfg = Sandbox04AU|Any CPU
		{9CCDD784-AE4E-4FB7-BABB-4E86DFAFFB06}.Sandbox04AU|Any CPU.Build.0 = Sandbox04AU|Any CPU
		{9CCDD784-AE4E-4FB7-BABB-4E86DFAFFB06}.Sandbox05AU|Any CPU.ActiveCfg = Sandbox05AU|Any CPU
		{9CCDD784-AE4E-4FB7-BABB-4E86DFAFFB06}.Sandbox05AU|Any CPU.Build.0 = Sandbox05AU|Any CPU
		{9CCDD784-AE4E-4FB7-BABB-4E86DFAFFB06}.Sandbox05Charter|Any CPU.ActiveCfg = Sandbox05Charter|Any CPU
		{9CCDD784-AE4E-4FB7-BABB-4E86DFAFFB06}.Sandbox05Charter|Any CPU.Build.0 = Sandbox05Charter|Any CPU
		{9CCDD784-AE4E-4FB7-BABB-4E86DFAFFB06}.SandboxAU|Any CPU.ActiveCfg = TestAU|Any CPU
		{9CCDD784-AE4E-4FB7-BABB-4E86DFAFFB06}.SandboxHCP|Any CPU.ActiveCfg = TestAU|Any CPU
		{9CCDD784-AE4E-4FB7-BABB-4E86DFAFFB06}.SandboxHCP|Any CPU.Build.0 = TestAU|Any CPU
		{9CCDD784-AE4E-4FB7-BABB-4E86DFAFFB06}.SandboxProfessional|Any CPU.ActiveCfg = SandboxAU|Any CPU
		{9CCDD784-AE4E-4FB7-BABB-4E86DFAFFB06}.SandboxProfessional|Any CPU.Build.0 = SandboxAU|Any CPU
		{9CCDD784-AE4E-4FB7-BABB-4E86DFAFFB06}.TestAU|Any CPU.ActiveCfg = TestAU|Any CPU
		{9CCDD784-AE4E-4FB7-BABB-4E86DFAFFB06}.TestAU|Any CPU.Build.0 = TestAU|Any CPU
		{9CCDD784-AE4E-4FB7-BABB-4E86DFAFFB06}.TestCareconnect|Any CPU.ActiveCfg = TestAU|Any CPU
		{9CCDD784-AE4E-4FB7-BABB-4E86DFAFFB06}.TestCareconnect|Any CPU.Build.0 = TestAU|Any CPU
		{9CCDD784-AE4E-4FB7-BABB-4E86DFAFFB06}.TestCharter|Any CPU.ActiveCfg = TestAU|Any CPU
		{9CCDD784-AE4E-4FB7-BABB-4E86DFAFFB06}.TestCharter|Any CPU.Build.0 = TestAU|Any CPU
		{9CCDD784-AE4E-4FB7-BABB-4E86DFAFFB06}.TestHCP|Any CPU.ActiveCfg = TestAU|Any CPU
		{9CCDD784-AE4E-4FB7-BABB-4E86DFAFFB06}.TestHCP|Any CPU.Build.0 = TestAU|Any CPU
		{9CCDD784-AE4E-4FB7-BABB-4E86DFAFFB06}.TestLilial|Any CPU.ActiveCfg = TestAU|Any CPU
		{40B1B871-E428-4DDD-B7AC-D5E36C6FD4FA}.Debug|Any CPU.ActiveCfg = Debug|Any CPU
		{40B1B871-E428-4DDD-B7AC-D5E36C6FD4FA}.Debug|Any CPU.Build.0 = Debug|Any CPU
		{40B1B871-E428-4DDD-B7AC-D5E36C6FD4FA}.Release|Any CPU.ActiveCfg = Release|Any CPU
		{40B1B871-E428-4DDD-B7AC-D5E36C6FD4FA}.Release|Any CPU.Build.0 = Release|Any CPU
		{40B1B871-E428-4DDD-B7AC-D5E36C6FD4FA}.Sandbox02AU|Any CPU.ActiveCfg = Debug|Any CPU
		{40B1B871-E428-4DDD-B7AC-D5E36C6FD4FA}.Sandbox02AU|Any CPU.Build.0 = Debug|Any CPU
		{40B1B871-E428-4DDD-B7AC-D5E36C6FD4FA}.Sandbox03AU|Any CPU.ActiveCfg = Debug|Any CPU
		{40B1B871-E428-4DDD-B7AC-D5E36C6FD4FA}.Sandbox03AU|Any CPU.Build.0 = Debug|Any CPU
		{40B1B871-E428-4DDD-B7AC-D5E36C6FD4FA}.Sandbox04AU|Any CPU.ActiveCfg = Debug|Any CPU
		{40B1B871-E428-4DDD-B7AC-D5E36C6FD4FA}.Sandbox04AU|Any CPU.Build.0 = Debug|Any CPU
		{40B1B871-E428-4DDD-B7AC-D5E36C6FD4FA}.Sandbox05AU|Any CPU.ActiveCfg = Release|Any CPU
		{40B1B871-E428-4DDD-B7AC-D5E36C6FD4FA}.Sandbox05AU|Any CPU.Build.0 = Release|Any CPU
		{40B1B871-E428-4DDD-B7AC-D5E36C6FD4FA}.Sandbox05Charter|Any CPU.ActiveCfg = Release|Any CPU
		{40B1B871-E428-4DDD-B7AC-D5E36C6FD4FA}.Sandbox05Charter|Any CPU.Build.0 = Release|Any CPU
		{40B1B871-E428-4DDD-B7AC-D5E36C6FD4FA}.SandboxAU|Any CPU.ActiveCfg = Debug|Any CPU
		{40B1B871-E428-4DDD-B7AC-D5E36C6FD4FA}.SandboxAU|Any CPU.Build.0 = Debug|Any CPU
		{40B1B871-E428-4DDD-B7AC-D5E36C6FD4FA}.SandboxHCP|Any CPU.ActiveCfg = Debug|Any CPU
		{40B1B871-E428-4DDD-B7AC-D5E36C6FD4FA}.SandboxHCP|Any CPU.Build.0 = Debug|Any CPU
		{40B1B871-E428-4DDD-B7AC-D5E36C6FD4FA}.SandboxProfessional|Any CPU.ActiveCfg = Release|Any CPU
		{40B1B871-E428-4DDD-B7AC-D5E36C6FD4FA}.SandboxProfessional|Any CPU.Build.0 = Release|Any CPU
		{40B1B871-E428-4DDD-B7AC-D5E36C6FD4FA}.TestAU|Any CPU.ActiveCfg = Debug|Any CPU
		{40B1B871-E428-4DDD-B7AC-D5E36C6FD4FA}.TestAU|Any CPU.Build.0 = Debug|Any CPU
		{40B1B871-E428-4DDD-B7AC-D5E36C6FD4FA}.TestCareconnect|Any CPU.ActiveCfg = Debug|Any CPU
		{40B1B871-E428-4DDD-B7AC-D5E36C6FD4FA}.TestCareconnect|Any CPU.Build.0 = Debug|Any CPU
		{40B1B871-E428-4DDD-B7AC-D5E36C6FD4FA}.TestCharter|Any CPU.ActiveCfg = Debug|Any CPU
		{40B1B871-E428-4DDD-B7AC-D5E36C6FD4FA}.TestCharter|Any CPU.Build.0 = Debug|Any CPU
		{40B1B871-E428-4DDD-B7AC-D5E36C6FD4FA}.TestHCP|Any CPU.ActiveCfg = Release|Any CPU
		{40B1B871-E428-4DDD-B7AC-D5E36C6FD4FA}.TestHCP|Any CPU.Build.0 = Release|Any CPU
		{40B1B871-E428-4DDD-B7AC-D5E36C6FD4FA}.TestLilial|Any CPU.ActiveCfg = Debug|Any CPU
		{40B1B871-E428-4DDD-B7AC-D5E36C6FD4FA}.TestLilial|Any CPU.Build.0 = Debug|Any CPU
		{D89A9620-2F9C-42C6-B364-7FE3964B6EBE}.Debug|Any CPU.ActiveCfg = Sandbox05Charter|Any CPU
		{D89A9620-2F9C-42C6-B364-7FE3964B6EBE}.Debug|Any CPU.Build.0 = Sandbox05Charter|Any CPU
		{D89A9620-2F9C-42C6-B364-7FE3964B6EBE}.Release|Any CPU.ActiveCfg = SandboxAU|Any CPU
		{D89A9620-2F9C-42C6-B364-7FE3964B6EBE}.Release|Any CPU.Build.0 = SandboxAU|Any CPU
		{D89A9620-2F9C-42C6-B364-7FE3964B6EBE}.Sandbox02AU|Any CPU.ActiveCfg = Sandbox02AU|Any CPU
		{D89A9620-2F9C-42C6-B364-7FE3964B6EBE}.Sandbox02AU|Any CPU.Build.0 = Sandbox02AU|Any CPU
		{D89A9620-2F9C-42C6-B364-7FE3964B6EBE}.Sandbox03AU|Any CPU.ActiveCfg = Sandbox03AU|Any CPU
		{D89A9620-2F9C-42C6-B364-7FE3964B6EBE}.Sandbox03AU|Any CPU.Build.0 = Sandbox03AU|Any CPU
		{D89A9620-2F9C-42C6-B364-7FE3964B6EBE}.Sandbox04AU|Any CPU.ActiveCfg = Sandbox04AU|Any CPU
		{D89A9620-2F9C-42C6-B364-7FE3964B6EBE}.Sandbox04AU|Any CPU.Build.0 = Sandbox04AU|Any CPU
		{D89A9620-2F9C-42C6-B364-7FE3964B6EBE}.Sandbox05AU|Any CPU.ActiveCfg = Sandbox05Charter|Any CPU
		{D89A9620-2F9C-42C6-B364-7FE3964B6EBE}.Sandbox05AU|Any CPU.Build.0 = Sandbox05Charter|Any CPU
		{D89A9620-2F9C-42C6-B364-7FE3964B6EBE}.Sandbox05Charter|Any CPU.ActiveCfg = Sandbox05Charter|Any CPU
		{D89A9620-2F9C-42C6-B364-7FE3964B6EBE}.Sandbox05Charter|Any CPU.Build.0 = Sandbox05Charter|Any CPU
		{D89A9620-2F9C-42C6-B364-7FE3964B6EBE}.SandboxAU|Any CPU.ActiveCfg = SandboxAU|Any CPU
		{D89A9620-2F9C-42C6-B364-7FE3964B6EBE}.SandboxAU|Any CPU.Build.0 = SandboxAU|Any CPU
		{D89A9620-2F9C-42C6-B364-7FE3964B6EBE}.SandboxHCP|Any CPU.ActiveCfg = Sandbox05Charter|Any CPU
		{D89A9620-2F9C-42C6-B364-7FE3964B6EBE}.SandboxHCP|Any CPU.Build.0 = Sandbox05Charter|Any CPU
		{D89A9620-2F9C-42C6-B364-7FE3964B6EBE}.SandboxProfessional|Any CPU.ActiveCfg = Sandbox05Charter|Any CPU
		{D89A9620-2F9C-42C6-B364-7FE3964B6EBE}.SandboxProfessional|Any CPU.Build.0 = Sandbox05Charter|Any CPU
		{D89A9620-2F9C-42C6-B364-7FE3964B6EBE}.TestAU|Any CPU.ActiveCfg = Sandbox05Charter|Any CPU
		{D89A9620-2F9C-42C6-B364-7FE3964B6EBE}.TestAU|Any CPU.Build.0 = Sandbox05Charter|Any CPU
		{D89A9620-2F9C-42C6-B364-7FE3964B6EBE}.TestCareconnect|Any CPU.ActiveCfg = TestCharter|Any CPU
		{D89A9620-2F9C-42C6-B364-7FE3964B6EBE}.TestCareconnect|Any CPU.Build.0 = TestCharter|Any CPU
		{D89A9620-2F9C-42C6-B364-7FE3964B6EBE}.TestCharter|Any CPU.ActiveCfg = TestCharter|Any CPU
		{D89A9620-2F9C-42C6-B364-7FE3964B6EBE}.TestCharter|Any CPU.Build.0 = TestCharter|Any CPU
		{D89A9620-2F9C-42C6-B364-7FE3964B6EBE}.TestHCP|Any CPU.ActiveCfg = TestCharter|Any CPU
		{D89A9620-2F9C-42C6-B364-7FE3964B6EBE}.TestHCP|Any CPU.Build.0 = TestCharter|Any CPU
		{D89A9620-2F9C-42C6-B364-7FE3964B6EBE}.TestLilial|Any CPU.ActiveCfg = TestCharter|Any CPU
		{3594F87A-6BAA-45C5-85AB-ECEB1D71FD29}.Debug|Any CPU.ActiveCfg = TestCareconnect|Any CPU
		{3594F87A-6BAA-45C5-85AB-ECEB1D71FD29}.Debug|Any CPU.Build.0 = TestCareconnect|Any CPU
		{3594F87A-6BAA-45C5-85AB-ECEB1D71FD29}.Release|Any CPU.ActiveCfg = TestCareconnect|Any CPU
		{3594F87A-6BAA-45C5-85AB-ECEB1D71FD29}.Sandbox02AU|Any CPU.ActiveCfg = TestCareconnect|Any CPU
		{3594F87A-6BAA-45C5-85AB-ECEB1D71FD29}.Sandbox03AU|Any CPU.ActiveCfg = TestCareconnect|Any CPU
		{3594F87A-6BAA-45C5-85AB-ECEB1D71FD29}.Sandbox04AU|Any CPU.ActiveCfg = TestCareconnect|Any CPU
		{3594F87A-6BAA-45C5-85AB-ECEB1D71FD29}.Sandbox05AU|Any CPU.ActiveCfg = TestCareconnect|Any CPU
		{3594F87A-6BAA-45C5-85AB-ECEB1D71FD29}.Sandbox05Charter|Any CPU.ActiveCfg = TestCareconnect|Any CPU
		{3594F87A-6BAA-45C5-85AB-ECEB1D71FD29}.SandboxAU|Any CPU.ActiveCfg = TestCareconnect|Any CPU
		{3594F87A-6BAA-45C5-85AB-ECEB1D71FD29}.SandboxHCP|Any CPU.ActiveCfg = TestCareconnect|Any CPU
		{3594F87A-6BAA-45C5-85AB-ECEB1D71FD29}.SandboxHCP|Any CPU.Build.0 = TestCareconnect|Any CPU
		{3594F87A-6BAA-45C5-85AB-ECEB1D71FD29}.SandboxProfessional|Any CPU.ActiveCfg = TestCareconnect|Any CPU
		{3594F87A-6BAA-45C5-85AB-ECEB1D71FD29}.SandboxProfessional|Any CPU.Build.0 = TestCareconnect|Any CPU
		{3594F87A-6BAA-45C5-85AB-ECEB1D71FD29}.TestAU|Any CPU.ActiveCfg = TestCareconnect|Any CPU
		{3594F87A-6BAA-45C5-85AB-ECEB1D71FD29}.TestAU|Any CPU.Build.0 = TestCareconnect|Any CPU
		{3594F87A-6BAA-45C5-85AB-ECEB1D71FD29}.TestCareconnect|Any CPU.ActiveCfg = TestCareconnect|Any CPU
		{3594F87A-6BAA-45C5-85AB-ECEB1D71FD29}.TestCareconnect|Any CPU.Build.0 = TestCareconnect|Any CPU
		{3594F87A-6BAA-45C5-85AB-ECEB1D71FD29}.TestCharter|Any CPU.ActiveCfg = TestCareconnect|Any CPU
		{3594F87A-6BAA-45C5-85AB-ECEB1D71FD29}.TestHCP|Any CPU.ActiveCfg = TestCareconnect|Any CPU
		{3594F87A-6BAA-45C5-85AB-ECEB1D71FD29}.TestHCP|Any CPU.Build.0 = TestCareconnect|Any CPU
		{3594F87A-6BAA-45C5-85AB-ECEB1D71FD29}.TestLilial|Any CPU.ActiveCfg = TestCareconnect|Any CPU
		{961438DE-2780-4C8B-BCFF-E31221AD71F3}.Debug|Any CPU.ActiveCfg = SandboxHCP|Any CPU
		{961438DE-2780-4C8B-BCFF-E31221AD71F3}.Debug|Any CPU.Build.0 = SandboxHCP|Any CPU
		{961438DE-2780-4C8B-BCFF-E31221AD71F3}.Release|Any CPU.ActiveCfg = Release|Any CPU
		{961438DE-2780-4C8B-BCFF-E31221AD71F3}.Release|Any CPU.Build.0 = Release|Any CPU
		{961438DE-2780-4C8B-BCFF-E31221AD71F3}.Sandbox02AU|Any CPU.ActiveCfg = Debug|Any CPU
		{961438DE-2780-4C8B-BCFF-E31221AD71F3}.Sandbox03AU|Any CPU.ActiveCfg = Debug|Any CPU
		{961438DE-2780-4C8B-BCFF-E31221AD71F3}.Sandbox04AU|Any CPU.ActiveCfg = Debug|Any CPU
		{961438DE-2780-4C8B-BCFF-E31221AD71F3}.Sandbox05AU|Any CPU.ActiveCfg = Debug|Any CPU
		{961438DE-2780-4C8B-BCFF-E31221AD71F3}.Sandbox05Charter|Any CPU.ActiveCfg = Debug|Any CPU
		{961438DE-2780-4C8B-BCFF-E31221AD71F3}.SandboxAU|Any CPU.ActiveCfg = Debug|Any CPU
		{961438DE-2780-4C8B-BCFF-E31221AD71F3}.SandboxHCP|Any CPU.ActiveCfg = SandboxHCP|Any CPU
		{961438DE-2780-4C8B-BCFF-E31221AD71F3}.SandboxHCP|Any CPU.Build.0 = SandboxHCP|Any CPU
		{961438DE-2780-4C8B-BCFF-E31221AD71F3}.SandboxProfessional|Any CPU.ActiveCfg = Release|Any CPU
		{961438DE-2780-4C8B-BCFF-E31221AD71F3}.SandboxProfessional|Any CPU.Build.0 = Release|Any CPU
		{961438DE-2780-4C8B-BCFF-E31221AD71F3}.TestAU|Any CPU.ActiveCfg = Debug|Any CPU
		{961438DE-2780-4C8B-BCFF-E31221AD71F3}.TestCareconnect|Any CPU.ActiveCfg = SandboxHCP|Any CPU
		{961438DE-2780-4C8B-BCFF-E31221AD71F3}.TestCareconnect|Any CPU.Build.0 = SandboxHCP|Any CPU
		{961438DE-2780-4C8B-BCFF-E31221AD71F3}.TestCharter|Any CPU.ActiveCfg = Debug|Any CPU
		{961438DE-2780-4C8B-BCFF-E31221AD71F3}.TestHCP|Any CPU.ActiveCfg = TestHCP|Any CPU
		{961438DE-2780-4C8B-BCFF-E31221AD71F3}.TestHCP|Any CPU.Build.0 = TestHCP|Any CPU
		{961438DE-2780-4C8B-BCFF-E31221AD71F3}.TestLilial|Any CPU.ActiveCfg = TestHCP|Any CPU
		{DEA39548-1963-4AB5-9A8C-7D56015759CB}.Debug|Any CPU.ActiveCfg = Debug|Any CPU
		{DEA39548-1963-4AB5-9A8C-7D56015759CB}.Debug|Any CPU.Build.0 = Debug|Any CPU
		{DEA39548-1963-4AB5-9A8C-7D56015759CB}.Release|Any CPU.ActiveCfg = Release|Any CPU
		{DEA39548-1963-4AB5-9A8C-7D56015759CB}.Release|Any CPU.Build.0 = Release|Any CPU
		{DEA39548-1963-4AB5-9A8C-7D56015759CB}.Sandbox02AU|Any CPU.ActiveCfg = Debug|Any CPU
		{DEA39548-1963-4AB5-9A8C-7D56015759CB}.Sandbox02AU|Any CPU.Build.0 = Debug|Any CPU
		{DEA39548-1963-4AB5-9A8C-7D56015759CB}.Sandbox03AU|Any CPU.ActiveCfg = Debug|Any CPU
		{DEA39548-1963-4AB5-9A8C-7D56015759CB}.Sandbox03AU|Any CPU.Build.0 = Debug|Any CPU
		{DEA39548-1963-4AB5-9A8C-7D56015759CB}.Sandbox04AU|Any CPU.ActiveCfg = Debug|Any CPU
		{DEA39548-1963-4AB5-9A8C-7D56015759CB}.Sandbox04AU|Any CPU.Build.0 = Debug|Any CPU
		{DEA39548-1963-4AB5-9A8C-7D56015759CB}.Sandbox05AU|Any CPU.ActiveCfg = Debug|Any CPU
		{DEA39548-1963-4AB5-9A8C-7D56015759CB}.Sandbox05AU|Any CPU.Build.0 = Debug|Any CPU
		{DEA39548-1963-4AB5-9A8C-7D56015759CB}.Sandbox05Charter|Any CPU.ActiveCfg = Debug|Any CPU
		{DEA39548-1963-4AB5-9A8C-7D56015759CB}.Sandbox05Charter|Any CPU.Build.0 = Debug|Any CPU
		{DEA39548-1963-4AB5-9A8C-7D56015759CB}.SandboxAU|Any CPU.ActiveCfg = Debug|Any CPU
		{DEA39548-1963-4AB5-9A8C-7D56015759CB}.SandboxAU|Any CPU.Build.0 = Debug|Any CPU
		{DEA39548-1963-4AB5-9A8C-7D56015759CB}.SandboxHCP|Any CPU.ActiveCfg = Debug|Any CPU
		{DEA39548-1963-4AB5-9A8C-7D56015759CB}.SandboxHCP|Any CPU.Build.0 = Debug|Any CPU
		{DEA39548-1963-4AB5-9A8C-7D56015759CB}.SandboxProfessional|Any CPU.ActiveCfg = Debug|Any CPU
		{DEA39548-1963-4AB5-9A8C-7D56015759CB}.SandboxProfessional|Any CPU.Build.0 = Debug|Any CPU
		{DEA39548-1963-4AB5-9A8C-7D56015759CB}.TestAU|Any CPU.ActiveCfg = TestLilial|Any CPU
		{DEA39548-1963-4AB5-9A8C-7D56015759CB}.TestCareconnect|Any CPU.ActiveCfg = Debug|Any CPU
		{DEA39548-1963-4AB5-9A8C-7D56015759CB}.TestCareconnect|Any CPU.Build.0 = Debug|Any CPU
		{DEA39548-1963-4AB5-9A8C-7D56015759CB}.TestCharter|Any CPU.ActiveCfg = TestLilial|Any CPU
		{DEA39548-1963-4AB5-9A8C-7D56015759CB}.TestHCP|Any CPU.ActiveCfg = Debug|Any CPU
		{DEA39548-1963-4AB5-9A8C-7D56015759CB}.TestHCP|Any CPU.Build.0 = Debug|Any CPU
		{DEA39548-1963-4AB5-9A8C-7D56015759CB}.TestLilial|Any CPU.ActiveCfg = TestLilial|Any CPU
		{DEA39548-1963-4AB5-9A8C-7D56015759CB}.TestLilial|Any CPU.Build.0 = TestLilial|Any CPU
	EndGlobalSection
	GlobalSection(SolutionProperties) = preSolution
		HideSolutionNode = FALSE
	EndGlobalSection
	GlobalSection(ExtensibilityGlobals) = postSolution
		SolutionGuid = {F910C669-052B-428B-BC5C-30A691CE8A67}
	EndGlobalSection
EndGlobal
